
Microsoft Visual Studio Solution File, Format Version 12.00
# Visual Studio Version 17
VisualStudioVersion = 17.4.33122.133
MinimumVisualStudioVersion = 10.0.40219.1
Project("{FAE04EC0-301F-11D3-BF4B-00C04F79EFBC}") = "Snowflake.WebApi", "Snowflake.WebApi\Snowflake.WebApi.csproj", "{2131DA1C-45EE-412C-AE4C-8CE2B50D85E4}"
EndProject
Global
	GlobalSection(SolutionConfigurationPlatforms) = preSolution
		Debug|Any CPU = Debug|Any CPU
		Release|Any CPU = Release|Any CPU
	EndGlobalSection
	GlobalSection(ProjectConfigurationPlatforms) = postSolution
		{2131DA1C-45EE-412C-AE4C-8CE2B50D85E4}.Debug|Any CPU.ActiveCfg = Debug|Any CPU
		{2131DA1C-45EE-412C-AE4C-8CE2B50D85E4}.Debug|Any CPU.Build.0 = Debug|Any CPU
		{2131DA1C-45EE-412C-AE4C-8CE2B50D85E4}.Release|Any CPU.ActiveCfg = Release|Any CPU
		{2131DA1C-45EE-412C-AE4C-8CE2B50D85E4}.Release|Any CPU.Build.0 = Release|Any CPU
	EndGlobalSection
	GlobalSection(SolutionProperties) = preSolution
		HideSolutionNode = FALSE
	EndGlobalSection
	GlobalSection(ExtensibilityGlobals) = postSolution
		SolutionGuid = {005F2325-B23C-48F8-9E0F-0B1F93E1D7A3}
	EndGlobalSection
EndGlobal
